
Microsoft Visual Studio Solution File, Format Version 12.00
# Visual Studio Version 17
VisualStudioVersion = 17.0.31903.59
MinimumVisualStudioVersion = 10.0.40219.1
Project("{2150E333-8FDC-42A3-9474-1A3956D46DE8}") = "src", "src", "{C44137A7-EB60-4232-BB9D-A0CCE6DCC438}"
EndProject
Project("{FAE04EC0-301F-11D3-BF4B-00C04F79EFBC}") = "codynolf.fasterkv", "src\codynolf.fasterkv\codynolf.fasterkv.csproj", "{551909BC-2846-41E1-A5BC-B6444E377C17}"
EndProject
Project("{2150E333-8FDC-42A3-9474-1A3956D46DE8}") = "test", "test", "{F6F61928-19DE-4BC0-81B1-501AF65C1858}"
EndProject
Project("{FAE04EC0-301F-11D3-BF4B-00C04F79EFBC}") = "codynolf.fasterkv.test", "test\codynolf.fasterkv.test\codynolf.fasterkv.test.csproj", "{FE1FAE96-146E-4740-A9E1-D09AB0F0190B}"
EndProject
Global
	GlobalSection(SolutionConfigurationPlatforms) = preSolution
		Debug|Any CPU = Debug|Any CPU
		Release|Any CPU = Release|Any CPU
	EndGlobalSection
	GlobalSection(SolutionProperties) = preSolution
		HideSolutionNode = FALSE
	EndGlobalSection
	GlobalSection(ProjectConfigurationPlatforms) = postSolution
		{551909BC-2846-41E1-A5BC-B6444E377C17}.Debug|Any CPU.ActiveCfg = Debug|Any CPU
		{551909BC-2846-41E1-A5BC-B6444E377C17}.Debug|Any CPU.Build.0 = Debug|Any CPU
		{551909BC-2846-41E1-A5BC-B6444E377C17}.Release|Any CPU.ActiveCfg = Release|Any CPU
		{551909BC-2846-41E1-A5BC-B6444E377C17}.Release|Any CPU.Build.0 = Release|Any CPU
		{FE1FAE96-146E-4740-A9E1-D09AB0F0190B}.Debug|Any CPU.ActiveCfg = Debug|Any CPU
		{FE1FAE96-146E-4740-A9E1-D09AB0F0190B}.Debug|Any CPU.Build.0 = Debug|Any CPU
		{FE1FAE96-146E-4740-A9E1-D09AB0F0190B}.Release|Any CPU.ActiveCfg = Release|Any CPU
		{FE1FAE96-146E-4740-A9E1-D09AB0F0190B}.Release|Any CPU.Build.0 = Release|Any CPU
	EndGlobalSection
	GlobalSection(NestedProjects) = preSolution
		{551909BC-2846-41E1-A5BC-B6444E377C17} = {C44137A7-EB60-4232-BB9D-A0CCE6DCC438}
		{FE1FAE96-146E-4740-A9E1-D09AB0F0190B} = {F6F61928-19DE-4BC0-81B1-501AF65C1858}
	EndGlobalSection
EndGlobal
